<?xml version="1.0" encoding="utf-8"?>
<Project ToolsVersion="4.0" xmlns="http://schemas.microsoft.com/developer/msbuild/2003">
  <ItemGroup>
    <Filter Include="Source Files">
      <UniqueIdentifier>{4FC737F1-C7A5-4376-A066-2A32D752A2FF}</UniqueIdentifier>
      <Extensions>cpp;c;cc;cxx;c++;cppm;ixx;def;odl;idl;hpj;bat;asm;asmx</Extensions>
    </Filter>
    <Filter Include="Header Files">
      <UniqueIdentifier>{93995380-89BD-4b04-88EB-625FBE52EBFB}</UniqueIdentifier>
      <Extensions>h;hh;hpp;hxx;h++;hm;inl;inc;ipp;xsd</Extensions>
    </Filter>
    <Filter Include="Resource Files">
      <UniqueIdentifier>{67DA6AB6-F800-4c08-8B7A-83BB121AAD01}</UniqueIdentifier>
      <Extensions>rc;ico;cur;bmp;dlg;rc2;rct;bin;rgs;gif;jpg;jpeg;jpe;resx;tiff;tif;png;wav;mfcribbon-ms</Extensions>
    </Filter>
  </ItemGroup>
  <ItemGroup>
    <ResourceCompile Include="app.rc">
      <Filter>Resource Files</Filter>
    </ResourceCompile>
  </ItemGroup>
  <ItemGroup>
    <ClCompile Include="AssemblyInfo.cpp">
      <Filter>Source Files</Filter>
    </ClCompile>
    <ClCompile Include="pch.cpp">
      <Filter>Source Files</Filter>
    </ClCompile>
    <ClCompile Include="Transaccio.cpp">
      <Filter>Source Files</Filter>
    </ClCompile>
    <ClCompile Include="PassarelaEntitat.cpp">
      <Filter>Source Files</Filter>
    </ClCompile>
    <ClCompile Include="Modules\Cercadores\CercadoraAjuntament.cpp">
      <Filter>Source Files</Filter>
    </ClCompile>
    <ClCompile Include="Modules\Cercadores\CercadoraCiutada.cpp">
      <Filter>Source Files</Filter>
    </ClCompile>
    <ClCompile Include="Modules\Cercadores\CercadoraEntitat.cpp">
      <Filter>Source Files</Filter>
    </ClCompile>
    <ClCompile Include="Modules\Cercadores\CercadoraEsdeveniment.cpp">
      <Filter>Source Files</Filter>
    </ClCompile>
    <ClCompile Include="Modules\Passareles\PassarelaAjuntament.cpp">
      <Filter>Source Files</Filter>
    </ClCompile>
    <ClCompile Include="Modules\Passareles\PassarelaCiutada.cpp">
      <Filter>Source Files</Filter>
    </ClCompile>
    <ClCompile Include="Modules\Passareles\PassarelaEntitat.cpp">
      <Filter>Source Files</Filter>
    </ClCompile>
    <ClCompile Include="Modules\Passareles\PassarelaEsdeveniment.cpp">
      <Filter>Source Files</Filter>
    </ClCompile>
    <ClCompile Include="Modules\Transaccions\Transaccio.cpp">
      <Filter>Source Files</Filter>
    </ClCompile>
    <ClCompile Include="Modules\Transaccions\TxConsultaAjuntament.cpp">
      <Filter>Source Files</Filter>
    </ClCompile>
    <ClCompile Include="Modules\Transaccions\TxConsultaEntitat.cpp">
      <Filter>Source Files</Filter>
    </ClCompile>
    <ClCompile Include="Modules\Transaccions\TxConsultaEsdeveniment.cpp">
      <Filter>Source Files</Filter>
    </ClCompile>
    <ClCompile Include="Modules\Transaccions\TxConsultaEsdevenimentsAmbTipus.cpp">
      <Filter>Source Files</Filter>
    </ClCompile>
    <ClCompile Include="Modules\Transaccions\TxConsultaVarisEsdeveniments.cpp">
      <Filter>Source Files</Filter>
    </ClCompile>
    <ClCompile Include="Modules\Transaccions\TxIniciaSessio.cpp">
      <Filter>Source Files</Filter>
    </ClCompile>
    <ClCompile Include="Modules\Transaccions\TxLoginAjuntament.cpp">
      <Filter>Source Files</Filter>
    </ClCompile>
    <ClCompile Include="Modules\Transaccions\TxLoginCiutada.cpp">
      <Filter>Source Files</Filter>
    </ClCompile>
    <ClCompile Include="Modules\Transaccions\TxRegisterCiutada.cpp">
      <Filter>Source Files</Filter>
    </ClCompile>
    <ClCompile Include="Modules\Transaccions\TxRegistraEntitat.cpp">
      <Filter>Source Files</Filter>
    </ClCompile>
    <ClCompile Include="Modules\Transaccions\TxRegistraEsdeveniment.cpp">
      <Filter>Source Files</Filter>
    </ClCompile>
    <ClCompile Include="Forms\ConsultaEsdevenimentUI.cpp">
      <Filter>Source Files</Filter>
    </ClCompile>
    <ClCompile Include="Forms\InfoAjuntament.cpp">
      <Filter>Source Files</Filter>
    </ClCompile>
    <ClCompile Include="Forms\InfoCiutada.cpp">
      <Filter>Source Files</Filter>
    </ClCompile>
    <ClCompile Include="Forms\InfoEntitat.cpp">
      <Filter>Source Files</Filter>
    </ClCompile>
    <ClCompile Include="Forms\Login.cpp">
      <Filter>Source Files</Filter>
    </ClCompile>
    <ClCompile Include="Forms\MainForm.cpp">
      <Filter>Source Files</Filter>
    </ClCompile>
    <ClCompile Include="Forms\ProvesEsdevsUI.cpp">
      <Filter>Source Files</Filter>
    </ClCompile>
    <ClCompile Include="Forms\RegisterFormCiutada.cpp">
      <Filter>Source Files</Filter>
    </ClCompile>
    <ClCompile Include="Forms\RegistraEntitat.cpp">
      <Filter>Source Files</Filter>
    </ClCompile>
    <ClCompile Include="Forms\RegistraEsdevenimentUI.cpp">
      <Filter>Source Files</Filter>
    </ClCompile>
    <ClCompile Include="Forms\RegistraEsdevenimentUI1.cpp">
      <Filter>Source Files</Filter>
    </ClCompile>
    <ClCompile Include="Forms\RegistrarEsdevenimentUI.cpp">
      <Filter>Source Files</Filter>
    </ClCompile>
  </ItemGroup>
  <ItemGroup>
    <Image Include="app.ico">
      <Filter>Resource Files</Filter>
    </Image>
  </ItemGroup>
  <ItemGroup>
    <ClInclude Include="Resource.h">
      <Filter>Header Files</Filter>
    </ClInclude>
    <ClInclude Include="Modules\Cercadores\CercadoraAjuntament.h">
      <Filter>Header Files</Filter>
    </ClInclude>
    <ClInclude Include="Modules\Cercadores\CercadoraCiutada.h">
      <Filter>Header Files</Filter>
    </ClInclude>
    <ClInclude Include="Modules\Cercadores\CercadoraEntitat.h">
      <Filter>Header Files</Filter>
    </ClInclude>
    <ClInclude Include="Modules\Cercadores\CercadoraEsdeveniment.h">
      <Filter>Header Files</Filter>
    </ClInclude>
    <ClInclude Include="Modules\Passareles\PassarelaAjuntament.h">
      <Filter>Header Files</Filter>
    </ClInclude>
    <ClInclude Include="Modules\Passareles\PassarelaCiutada.h">
      <Filter>Header Files</Filter>
    </ClInclude>
    <ClInclude Include="Modules\Passareles\PassarelaEntitat.h">
      <Filter>Header Files</Filter>
    </ClInclude>
    <ClInclude Include="Modules\Passareles\PassarelaEsdeveniment.h">
      <Filter>Header Files</Filter>
    </ClInclude>
    <ClInclude Include="Modules\Transaccions\Transaccio.h">
      <Filter>Header Files</Filter>
    </ClInclude>
    <ClInclude Include="Modules\Transaccions\TxConsultaAjuntament.h">
      <Filter>Header Files</Filter>
    </ClInclude>
    <ClInclude Include="Modules\Transaccions\TxConsultaEntitat.h">
      <Filter>Header Files</Filter>
    </ClInclude>
    <ClInclude Include="Modules\Transaccions\TxConsultaEsdeveniment.h">
      <Filter>Header Files</Filter>
    </ClInclude>
    <ClInclude Include="Modules\Transaccions\TxConsultaEsdevenimentsAmbTipus.h">
      <Filter>Header Files</Filter>
    </ClInclude>
    <ClInclude Include="Modules\Transaccions\TxConsultaVarisEsdeveniments.h">
      <Filter>Header Files</Filter>
    </ClInclude>
    <ClInclude Include="Modules\Transaccions\TxIniciaSessio.h">
      <Filter>Header Files</Filter>
    </ClInclude>
    <ClInclude Include="Modules\Transaccions\TxLoginAjuntament.h">
      <Filter>Header Files</Filter>
    </ClInclude>
    <ClInclude Include="Modules\Transaccions\TxLoginCiutada.h">
      <Filter>Header Files</Filter>
    </ClInclude>
    <ClInclude Include="Modules\Transaccions\TxRegisterCiutada.h">
      <Filter>Header Files</Filter>
    </ClInclude>
    <ClInclude Include="Modules\Transaccions\TxRegistraEntitat.h">
      <Filter>Header Files</Filter>
    </ClInclude>
    <ClInclude Include="Modules\Transaccions\TxRegistraEsdeveniment.h">
      <Filter>Header Files</Filter>
    </ClInclude>
    <ClInclude Include="Modules\Users\AjuntamentIniciat.h">
      <Filter>Header Files</Filter>
    </ClInclude>
    <ClInclude Include="Modules\Users\EntitatIniciat.h">
      <Filter>Header Files</Filter>
    </ClInclude>
    <ClInclude Include="Modules\Users\UsuariIniciat.h">
      <Filter>Header Files</Filter>
    </ClInclude>
    <ClInclude Include="pch.h">
      <Filter>Header Files</Filter>
    </ClInclude>
  </ItemGroup>
</Project>