<?xml version="1.0" encoding="utf-8"?>
<Project ToolsVersion="4.0" xmlns="http://schemas.microsoft.com/developer/msbuild/2003">
  <ItemGroup>
    <ClCompile Include="AssemblyInfo.cpp" />
    <ClCompile Include="CercadoraCiutada.cpp" />
    <ClCompile Include="PassarelaCiutada.cpp" />
    <ClCompile Include="culturalinkmain.cpp" />
    <ClCompile Include="Login.cpp" />
    <ClCompile Include="MainForm.cpp" />
    <ClCompile Include="PassarelaAjuntament.cpp" />
    <ClCompile Include="PassarelaEntitat.cpp" />
    <ClCompile Include="PassarelaEsdeveniment.cpp" />
    <ClCompile Include="pch.cpp" />
    <ClCompile Include="RegisterFormCiutada.cpp" />
    <ClCompile Include="RegistraEsdevenimentUI1.cpp" />
    <ClCompile Include="Sistema.cpp" />
    <ClCompile Include="Transaccio.cpp" />
    <ClCompile Include="TxLoginCiutada.cpp" />
    <ClCompile Include="TxRegistraEsdeveniment.cpp" />
    <ClCompile Include="PerfilCiutada.cpp" />
    <ClCompile Include="TxRegisterCiutada.cpp" />
  </ItemGroup>
  <ItemGroup>
    <ClInclude Include="CercadoraCiutada.h" />
    <ClInclude Include="PassarelaCiutada.h" />
    <ClInclude Include="config.h" />
    <ClInclude Include="Login.h" />
    <ClInclude Include="MainForm.h" />
    <ClInclude Include="PassarelaAjuntament.h" />
    <ClInclude Include="PassarelaEntitat.h" />
    <ClInclude Include="PassarelaEsdeveniment.h" />
    <ClInclude Include="pch.h" />
    <ClInclude Include="RegisterFormCiutada.h" />
    <ClInclude Include="RegistraEsdevenimentUI1.h" />
    <ClInclude Include="Resource.h" />
    <ClInclude Include="Sistema.h" />
    <ClInclude Include="Transaccio.h" />
    <ClInclude Include="TxLoginCiutada.h" />
    <ClInclude Include="TxRegistraEsdeveniment.h" />
    <ClInclude Include="PerfilCiutada.h" />
    <ClInclude Include="UsuariIniciat.h" />
    <ClInclude Include="TxRegisterCiutada.h" />
  </ItemGroup>
  <ItemGroup>
    <ResourceCompile Include="app.rc" />
  </ItemGroup>
  <ItemGroup>
    <Image Include="app.ico" />
  </ItemGroup>
  <ItemGroup>
    <Text Include="config.txt" />
  </ItemGroup>
</Project>