<?xml version="1.0" encoding="utf-8"?>
<Project ToolsVersion="4.0" xmlns="http://schemas.microsoft.com/developer/msbuild/2003">
  <ItemGroup>
    <ClCompile Include="AssemblyInfo.cpp" />
    <ClCompile Include="EsborraFormCiutada.cpp" />
    <ClCompile Include="InfoAjuntament.cpp" />
    <ClCompile Include="InfoCiutada.cpp" />
    <ClCompile Include="InfoEntitat.cpp" />
    <ClCompile Include="MainForm.cpp" />
    <ClCompile Include="EsborraFormEntitat.cpp" />
    <ClCompile Include="PassarelaAjuntament.cpp" />
    <ClCompile Include="PassarelaCiutada.cpp" />
    <ClCompile Include="PassarelaEntitat.cpp" />
    <ClCompile Include="PassarelaEsdeveniment.cpp" />
    <ClCompile Include="pch.cpp" />
    <ClCompile Include="ProvesEsdevsUI.cpp" />
    <ClCompile Include="RegisterFormCiutada.cpp" />
    <ClCompile Include="RegistraEsdevenimentUI1.cpp" />
    <ClCompile Include="RegistrarEsdevenimentUI.cpp" />
    <ClCompile Include="Sistema.cpp" />
    <ClCompile Include="Transaccio.cpp" />
    <ClCompile Include="TxConsultaAjuntament.cpp" />
    <ClCompile Include="TxConsultaEsdeveniment.cpp" />
    <ClCompile Include="TxConsultaEsdevenimentsAmbTipus.cpp" />
    <ClCompile Include="TxConsultaVarisEsdeveniments.cpp" />
    <ClCompile Include="TxEsborraCiutada.cpp" />
    <ClCompile Include="TxEsborrarEntitat.cpp" />
    <ClCompile Include="TxLoginAjuntament.cpp" />
    <ClCompile Include="TxLoginCiutada.cpp" />
    <ClCompile Include="TxRegisterCiutada.cpp" />
    <ClCompile Include="TxRegistraEsdeveniment.cpp" />
    <ClCompile Include="RegistraEntitat.cpp" />
    <ClCompile Include="TxConsultaEntitat.cpp" />
    <ClCompile Include="TxIniciaSessio.cpp" />
    <ClCompile Include="TxRegistraEntitat.cpp" />
    <ClCompile Include="TxCompraEntradaEsdevenimentDiners.cpp" />
    <ClCompile Include="PassarelaInscripcio.cpp" />
    <ClCompile Include="TxCompraEntradaEsdevenimentPunts.cpp" />
    <ClCompile Include="FormulariCompraEntrada.cpp" />
    <ClCompile Include="TxConsultaInscripcions.cpp">
      <Filter>Config files</Filter>
    </ClCompile>
    <ClCompile Include="CercadoraInscripcio.cpp">
      <Filter>Config files</Filter>
    </ClCompile>
    <ClCompile Include="Login.cpp">
      <Filter>Config files</Filter>
    </ClCompile>
    <ClCompile Include="CercadoraAjuntament.cpp">
      <Filter>Config files</Filter>
    </ClCompile>
    <ClCompile Include="CercadoraCiutada.cpp">
      <Filter>Config files</Filter>
    </ClCompile>
    <ClCompile Include="CercadoraEntitat.cpp">
      <Filter>Config files</Filter>
    </ClCompile>
    <ClCompile Include="CercadoraEsdeveniment.cpp">
      <Filter>Config files</Filter>
    </ClCompile>
    <ClCompile Include="ConsultaEsdevenimentUI.cpp">
      <Filter>Config files</Filter>
    </ClCompile>
    <ClCompile Include="culturalinkmain.cpp">
      <Filter>Config files</Filter>
    </ClCompile>
    <ClCompile Include="ModificarAjuntament.cpp" />
    <ClCompile Include="CtrlModificaAjuntament.cpp" />
  </ItemGroup>
  <ItemGroup>
    <ClInclude Include="ConsultaEsdevenimentUI.h" />
    <ClInclude Include="EsborraFormCiutada.h" />
    <ClInclude Include="InfoAjuntament.h" />
    <ClInclude Include="InfoCiutada.h" />
    <ClInclude Include="InfoEntitat.h" />
    <ClInclude Include="Login.h" />
    <ClInclude Include="MainForm.h" />
    <ClInclude Include="EsborraFormEntitat.h" />
    <ClInclude Include="PassarelaAjuntament.h" />
    <ClInclude Include="PassarelaCiutada.h" />
    <ClInclude Include="PassarelaEntitat.h" />
    <ClInclude Include="PassarelaEsdeveniment.h" />
    <ClInclude Include="pch.h" />
    <ClInclude Include="ProvesEsdevsUI.h" />
    <ClInclude Include="RegisterFormCiutada.h" />
    <ClInclude Include="RegistraEntitat.h" />
    <ClInclude Include="RegistraEsdevenimentUI1.h" />
    <ClInclude Include="RegistrarEsdevenimentUI.h" />
    <ClInclude Include="Sistema.h" />
    <ClInclude Include="Transaccio.h" />
    <ClInclude Include="TxConsultaAjuntament.h" />
    <ClInclude Include="TxConsultaEsdeveniment.h" />
    <ClInclude Include="TxConsultaEsdevenimentsAmbTipus.h" />
    <ClInclude Include="TxConsultaVarisEsdeveniments.h" />
    <ClInclude Include="TxEsborraCiutada.h" />
    <ClInclude Include="TxEsborraEntitat.h" />
    <ClInclude Include="TxLoginAjuntament.h" />
    <ClInclude Include="TxLoginCiutada.h" />
    <ClInclude Include="TxRegisterCiutada.h" />
    <ClInclude Include="TxRegistraEsdeveniment.h" />
    <ClInclude Include="EntitatIniciat.h" />
    <ClInclude Include="TxConsultaEntitat.h" />
    <ClInclude Include="TxIniciaSessio.h" />
    <ClInclude Include="TxRegistraEntitat.h" />
    <ClInclude Include="UsuariIniciat.h" />
    <ClInclude Include="TxCompraEntradaEsdevenimentDiners.h" />
    <ClInclude Include="PassarelaInscripcio.h" />
    <ClInclude Include="TxCompraEntradaEsdevenimentPunts.h" />
    <ClInclude Include="FormulariCompraEntrada.h" />
    <ClInclude Include="TxConsultaInscripcions.h">
      <Filter>Header Files</Filter>
    </ClInclude>
    <ClInclude Include="CercadoraInscripcio.h">
      <Filter>Header Files</Filter>
    </ClInclude>
    <ClInclude Include="AjuntamentIniciat.h">
      <Filter>Header Files</Filter>
    </ClInclude>
    <ClInclude Include="CercadoraAjuntament.h">
      <Filter>Header Files</Filter>
    </ClInclude>
    <ClInclude Include="CercadoraCiutada.h">
      <Filter>Header Files</Filter>
    </ClInclude>
    <ClInclude Include="CercadoraEntitat.h">
      <Filter>Header Files</Filter>
    </ClInclude>
    <ClInclude Include="CercadoraEsdeveniment.h">
      <Filter>Header Files</Filter>
    </ClInclude>
    <ClInclude Include="config.h">
      <Filter>Header Files</Filter>
    </ClInclude>
    <ClInclude Include="Resource.h">
      <Filter>Config files</Filter>
    </ClInclude>
    <ClInclude Include="ModificarAjuntament.h" />
    <ClInclude Include="CtrlModificaAjuntament.h" />
    <ClInclude Include="ExcepcioCorreuExisteix.h" />
  </ItemGroup>
  <ItemGroup>
    <ResourceCompile Include="app.rc" />
  </ItemGroup>
  <ItemGroup>
    <Image Include="app.ico" />
  </ItemGroup>
  <ItemGroup>
    <Text Include="config.txt" />
  </ItemGroup>
  <ItemGroup>
    <Filter Include="Header Files">
      <UniqueIdentifier>{bdbc276f-a585-4d01-af2c-f532ee516b93}</UniqueIdentifier>
      <Extensions>.h</Extensions>
    </Filter>
    <Filter Include="Config files">
      <UniqueIdentifier>{391ecd27-589c-4fb9-8874-0ef5d6563812}</UniqueIdentifier>
      <Extensions>.cpp</Extensions>
    </Filter>
  </ItemGroup>
</Project>